github.com/carlmjohnson/requests v0.23.4 h1:AxcvapfB9RPXLSyvAHk9YJoodQ43ZjzNHj6Ft3tQGdg=
github.com/carlmjohnson/requests v0.23.4/go.mod h1:Qzp6tW4DQyainPP+tGwiJTzwxvElTIKm0B191TgTtOA=
golang.org/x/net v0.10.0 h1:X2//UzNDwYmtCLn7To6G58Wr6f5ahEAQgKNzv9Y951M=
golang.org/x/net v0.10.0/go.mod h1:0qNGK6F8kojg2nk9dLZ2mShWaEBan6FAoqfSigmmuDg=
